
Microsoft Visual Studio Solution File, Format Version 12.00
# Visual Studio Version 17
VisualStudioVersion = 17.5.33516.290
MinimumVisualStudioVersion = 10.0.40219.1
Project("{9A19103F-16F7-4668-BE54-9A1E7A4F7556}") = "CMMS_Frontend", "CMMS_Frontend\CMMS_Frontend.csproj", "{B7878847-9AAB-42C6-8A14-A639CAA8B14D}"
EndProject
Project("{2150E333-8FDC-42A3-9474-1A3956D46DE8}") = "Solution Items", "Solution Items", "{89A5BE09-F2D7-42B4-9353-7FD6031CFF2D}"
	ProjectSection(SolutionItems) = preProject
		.editorconfig = .editorconfig
	EndProjectSection
EndProject
Global
	GlobalSection(SolutionConfigurationPlatforms) = preSolution
		Debug|Any CPU = Debug|Any CPU
		Release|Any CPU = Release|Any CPU
	EndGlobalSection
	GlobalSection(ProjectConfigurationPlatforms) = postSolution
		{B7878847-9AAB-42C6-8A14-A639CAA8B14D}.Debug|Any CPU.ActiveCfg = Debug|Any CPU
		{B7878847-9AAB-42C6-8A14-A639CAA8B14D}.Debug|Any CPU.Build.0 = Debug|Any CPU
		{B7878847-9AAB-42C6-8A14-A639CAA8B14D}.Release|Any CPU.ActiveCfg = Release|Any CPU
		{B7878847-9AAB-42C6-8A14-A639CAA8B14D}.Release|Any CPU.Build.0 = Release|Any CPU
	EndGlobalSection
	GlobalSection(SolutionProperties) = preSolution
		HideSolutionNode = FALSE
	EndGlobalSection
	GlobalSection(ExtensibilityGlobals) = postSolution
		SolutionGuid = {F34257B3-D4AF-4586-BBBE-F50BC74B003A}
	EndGlobalSection
EndGlobal
